// !$*UTF8*$!
{
	archiveVersion = 1;
	classes = {
	};
	objectVersion = 56;
	objects = {

/* Begin PBXBuildFile section */
		1C2AC3462A09E6AE004C0777 /* MyGmailApp.swift in Sources */ = {isa = PBXBuildFile; fileRef = 1C2AC3452A09E6AE004C0777 /* MyGmailApp.swift */; };
		1C2AC3482A09E6AE004C0777 /* InboxTableView.swift in Sources */ = {isa = PBXBuildFile; fileRef = 1C2AC3472A09E6AE004C0777 /* InboxTableView.swift */; };
		1C2AC34A2A09E6B0004C0777 /* Assets.xcassets in Resources */ = {isa = PBXBuildFile; fileRef = 1C2AC3492A09E6B0004C0777 /* Assets.xcassets */; };
		1C2AC34D2A09E6B0004C0777 /* Preview Assets.xcassets in Resources */ = {isa = PBXBuildFile; fileRef = 1C2AC34C2A09E6B0004C0777 /* Preview Assets.xcassets */; };
		1C2AC3542A09E70E004C0777 /* InboxMails.swift in Sources */ = {isa = PBXBuildFile; fileRef = 1C2AC3532A09E70E004C0777 /* InboxMails.swift */; };
		1C2AC3562A09EFEC004C0777 /* EmailBodyView.swift in Sources */ = {isa = PBXBuildFile; fileRef = 1C2AC3552A09EFEC004C0777 /* EmailBodyView.swift */; };
		1C2AC3582A09F807004C0777 /* MyGailViewModel.swift in Sources */ = {isa = PBXBuildFile; fileRef = 1C2AC3572A09F807004C0777 /* MyGailViewModel.swift */; };
		1C2AC35A2A0A71E1004C0777 /* SlideInView.swift in Sources */ = {isa = PBXBuildFile; fileRef = 1C2AC3592A0A71E1004C0777 /* SlideInView.swift */; };
		1C2AC35E2A0A7847004C0777 /* SideBarMenuView.swift in Sources */ = {isa = PBXBuildFile; fileRef = 1C2AC35D2A0A7846004C0777 /* SideBarMenuView.swift */; };
		1C2AC3602A0A788F004C0777 /* SlideInMenuService.swift in Sources */ = {isa = PBXBuildFile; fileRef = 1C2AC35F2A0A788F004C0777 /* SlideInMenuService.swift */; };
		1C2AC3632A0AB1BA004C0777 /* InboxTableItemView.swift in Sources */ = {isa = PBXBuildFile; fileRef = 1C2AC3622A0AB1BA004C0777 /* InboxTableItemView.swift */; };
		1C2AC3652A0C1C5D004C0777 /* HomeView.swift in Sources */ = {isa = PBXBuildFile; fileRef = 1C2AC3642A0C1C5D004C0777 /* HomeView.swift */; };
		1C2AC3672A10270A004C0777 /* SideMenuItemViewModel.swift in Sources */ = {isa = PBXBuildFile; fileRef = 1C2AC3662A10270A004C0777 /* SideMenuItemViewModel.swift */; };
		1C2AC3692A102AFD004C0777 /* SideMenuItems.swift in Sources */ = {isa = PBXBuildFile; fileRef = 1C2AC3682A102AFD004C0777 /* SideMenuItems.swift */; };
/* End PBXBuildFile section */

/* Begin PBXFileReference section */
		1C2AC3422A09E6AE004C0777 /* MyGmail.app */ = {isa = PBXFileReference; explicitFileType = wrapper.application; includeInIndex = 0; path = MyGmail.app; sourceTree = BUILT_PRODUCTS_DIR; };
		1C2AC3452A09E6AE004C0777 /* MyGmailApp.swift */ = {isa = PBXFileReference; lastKnownFileType = sourcecode.swift; path = MyGmailApp.swift; sourceTree = "<group>"; };
		1C2AC3472A09E6AE004C0777 /* InboxTableView.swift */ = {isa = PBXFileReference; lastKnownFileType = sourcecode.swift; path = InboxTableView.swift; sourceTree = "<group>"; };
		1C2AC3492A09E6B0004C0777 /* Assets.xcassets */ = {isa = PBXFileReference; lastKnownFileType = folder.assetcatalog; path = Assets.xcassets; sourceTree = "<group>"; };
		1C2AC34C2A09E6B0004C0777 /* Preview Assets.xcassets */ = {isa = PBXFileReference; lastKnownFileType = folder.assetcatalog; path = "Preview Assets.xcassets"; sourceTree = "<group>"; };
		1C2AC3532A09E70E004C0777 /* InboxMails.swift */ = {isa = PBXFileReference; lastKnownFileType = sourcecode.swift; path = InboxMails.swift; sourceTree = "<group>"; };
		1C2AC3552A09EFEC004C0777 /* EmailBodyView.swift */ = {isa = PBXFileReference; lastKnownFileType = sourcecode.swift; path = EmailBodyView.swift; sourceTree = "<group>"; };
		1C2AC3572A09F807004C0777 /* MyGailViewModel.swift */ = {isa = PBXFileReference; lastKnownFileType = sourcecode.swift; path = MyGailViewModel.swift; sourceTree = "<group>"; };
		1C2AC3592A0A71E1004C0777 /* SlideInView.swift */ = {isa = PBXFileReference; lastKnownFileType = sourcecode.swift; path = SlideInView.swift; sourceTree = "<group>"; };
		1C2AC35D2A0A7846004C0777 /* SideBarMenuView.swift */ = {isa = PBXFileReference; lastKnownFileType = sourcecode.swift; path = SideBarMenuView.swift; sourceTree = "<group>"; };
		1C2AC35F2A0A788F004C0777 /* SlideInMenuService.swift */ = {isa = PBXFileReference; lastKnownFileType = sourcecode.swift; path = SlideInMenuService.swift; sourceTree = "<group>"; };
		1C2AC3622A0AB1BA004C0777 /* InboxTableItemView.swift */ = {isa = PBXFileReference; lastKnownFileType = sourcecode.swift; path = InboxTableItemView.swift; sourceTree = "<group>"; };
		1C2AC3642A0C1C5D004C0777 /* HomeView.swift */ = {isa = PBXFileReference; lastKnownFileType = sourcecode.swift; path = HomeView.swift; sourceTree = "<group>"; };
		1C2AC3662A10270A004C0777 /* SideMenuItemViewModel.swift */ = {isa = PBXFileReference; lastKnownFileType = sourcecode.swift; path = SideMenuItemViewModel.swift; sourceTree = "<group>"; };
		1C2AC3682A102AFD004C0777 /* SideMenuItems.swift */ = {isa = PBXFileReference; lastKnownFileType = sourcecode.swift; path = SideMenuItems.swift; sourceTree = "<group>"; };
/* End PBXFileReference section */

/* Begin PBXFrameworksBuildPhase section */
		1C2AC33F2A09E6AE004C0777 /* Frameworks */ = {
			isa = PBXFrameworksBuildPhase;
			buildActionMask = 2147483647;
			files = (
			);
			runOnlyForDeploymentPostprocessing = 0;
		};
/* End PBXFrameworksBuildPhase section */

/* Begin PBXGroup section */
		1C2AC3392A09E6AD004C0777 = {
			isa = PBXGroup;
			children = (
				1C2AC3442A09E6AE004C0777 /* MyGmail */,
				1C2AC3432A09E6AE004C0777 /* Products */,
			);
			sourceTree = "<group>";
		};
		1C2AC3432A09E6AE004C0777 /* Products */ = {
			isa = PBXGroup;
			children = (
				1C2AC3422A09E6AE004C0777 /* MyGmail.app */,
			);
			name = Products;
			sourceTree = "<group>";
		};
		1C2AC3442A09E6AE004C0777 /* MyGmail */ = {
			isa = PBXGroup;
			children = (
				1C2AC3452A09E6AE004C0777 /* MyGmailApp.swift */,
				1C2AC35F2A0A788F004C0777 /* SlideInMenuService.swift */,
				1C2AC3612A0AB117004C0777 /* Helpers */,
				1C2AC36C2A105533004C0777 /* Models */,
				1C2AC36B2A1054C3004C0777 /* ViewModels */,
				1C2AC36A2A105497004C0777 /* Views */,
				1C2AC3492A09E6B0004C0777 /* Assets.xcassets */,
				1C2AC34B2A09E6B0004C0777 /* Preview Content */,
			);
			path = MyGmail;
			sourceTree = "<group>";
		};
		1C2AC34B2A09E6B0004C0777 /* Preview Content */ = {
			isa = PBXGroup;
			children = (
				1C2AC34C2A09E6B0004C0777 /* Preview Assets.xcassets */,
			);
			path = "Preview Content";
			sourceTree = "<group>";
		};
		1C2AC3612A0AB117004C0777 /* Helpers */ = {
			isa = PBXGroup;
			children = (
				1C2AC3592A0A71E1004C0777 /* SlideInView.swift */,
			);
			path = Helpers;
			sourceTree = "<group>";
		};
		1C2AC36A2A105497004C0777 /* Views */ = {
			isa = PBXGroup;
			children = (
				1C2AC36D2A105587004C0777 /* InboxTable */,
				1C2AC3642A0C1C5D004C0777 /* HomeView.swift */,
				1C2AC35D2A0A7846004C0777 /* SideBarMenuView.swift */,
				1C2AC3552A09EFEC004C0777 /* EmailBodyView.swift */,
			);
			path = Views;
			sourceTree = "<group>";
		};
		1C2AC36B2A1054C3004C0777 /* ViewModels */ = {
			isa = PBXGroup;
			children = (
				1C2AC3682A102AFD004C0777 /* SideMenuItems.swift */,
				1C2AC3662A10270A004C0777 /* SideMenuItemViewModel.swift */,
				1C2AC3572A09F807004C0777 /* MyGailViewModel.swift */,
			);
			path = ViewModels;
			sourceTree = "<group>";
		};
		1C2AC36C2A105533004C0777 /* Models */ = {
			isa = PBXGroup;
			children = (
				1C2AC3532A09E70E004C0777 /* InboxMails.swift */,
			);
			path = Models;
			sourceTree = "<group>";
		};
		1C2AC36D2A105587004C0777 /* InboxTable */ = {
			isa = PBXGroup;
			children = (
				1C2AC3622A0AB1BA004C0777 /* InboxTableItemView.swift */,
				1C2AC3472A09E6AE004C0777 /* InboxTableView.swift */,
			);
			path = InboxTable;
			sourceTree = "<group>";
		};
/* End PBXGroup section */

/* Begin PBXNativeTarget section */
		1C2AC3412A09E6AE004C0777 /* MyGmail */ = {
			isa = PBXNativeTarget;
			buildConfigurationList = 1C2AC3502A09E6B0004C0777 /* Build configuration list for PBXNativeTarget "MyGmail" */;
			buildPhases = (
				1C2AC33E2A09E6AE004C0777 /* Sources */,
				1C2AC33F2A09E6AE004C0777 /* Frameworks */,
				1C2AC3402A09E6AE004C0777 /* Resources */,
			);
			buildRules = (
			);
			dependencies = (
			);
			name = MyGmail;
			productName = MyGmail;
			productReference = 1C2AC3422A09E6AE004C0777 /* MyGmail.app */;
			productType = "com.apple.product-type.application";
		};
/* End PBXNativeTarget section */

/* Begin PBXProject section */
		1C2AC33A2A09E6AD004C0777 /* Project object */ = {
			isa = PBXProject;
			attributes = {
				BuildIndependentTargetsInParallel = 1;
				LastSwiftUpdateCheck = 1430;
				LastUpgradeCheck = 1430;
				TargetAttributes = {
					1C2AC3412A09E6AE004C0777 = {
						CreatedOnToolsVersion = 14.3;
					};
				};
			};
			buildConfigurationList = 1C2AC33D2A09E6AD004C0777 /* Build configuration list for PBXProject "MyGmail" */;
			compatibilityVersion = "Xcode 14.0";
			developmentRegion = en;
			hasScannedForEncodings = 0;
			knownRegions = (
				en,
				Base,
			);
			mainGroup = 1C2AC3392A09E6AD004C0777;
			productRefGroup = 1C2AC3432A09E6AE004C0777 /* Products */;
			projectDirPath = "";
			projectRoot = "";
			targets = (
				1C2AC3412A09E6AE004C0777 /* MyGmail */,
			);
		};
/* End PBXProject section */

/* Begin PBXResourcesBuildPhase section */
		1C2AC3402A09E6AE004C0777 /* Resources */ = {
			isa = PBXResourcesBuildPhase;
			buildActionMask = 2147483647;
			files = (
				1C2AC34D2A09E6B0004C0777 /* Preview Assets.xcassets in Resources */,
				1C2AC34A2A09E6B0004C0777 /* Assets.xcassets in Resources */,
			);
			runOnlyForDeploymentPostprocessing = 0;
		};
/* End PBXResourcesBuildPhase section */

/* Begin PBXSourcesBuildPhase section */
		1C2AC33E2A09E6AE004C0777 /* Sources */ = {
			isa = PBXSourcesBuildPhase;
			buildActionMask = 2147483647;
			files = (
				1C2AC3542A09E70E004C0777 /* InboxMails.swift in Sources */,
				1C2AC35E2A0A7847004C0777 /* SideBarMenuView.swift in Sources */,
				1C2AC35A2A0A71E1004C0777 /* SlideInView.swift in Sources */,
				1C2AC3482A09E6AE004C0777 /* InboxTableView.swift in Sources */,
				1C2AC3462A09E6AE004C0777 /* MyGmailApp.swift in Sources */,
				1C2AC3582A09F807004C0777 /* MyGailViewModel.swift in Sources */,
				1C2AC3692A102AFD004C0777 /* SideMenuItems.swift in Sources */,
				1C2AC3632A0AB1BA004C0777 /* InboxTableItemView.swift in Sources */,
				1C2AC3672A10270A004C0777 /* SideMenuItemViewModel.swift in Sources */,
				1C2AC3602A0A788F004C0777 /* SlideInMenuService.swift in Sources */,
				1C2AC3652A0C1C5D004C0777 /* HomeView.swift in Sources */,
				1C2AC3562A09EFEC004C0777 /* EmailBodyView.swift in Sources */,
			);
			runOnlyForDeploymentPostprocessing = 0;
		};
/* End PBXSourcesBuildPhase section */

/* Begin XCBuildConfiguration section */
		1C2AC34E2A09E6B0004C0777 /* Debug */ = {
			isa = XCBuildConfiguration;
			buildSettings = {
				ALWAYS_SEARCH_USER_PATHS = NO;
				CLANG_ANALYZER_NONNULL = YES;
				CLANG_ANALYZER_NUMBER_OBJECT_CONVERSION = YES_AGGRESSIVE;
				CLANG_CXX_LANGUAGE_STANDARD = "gnu++20";
				CLANG_ENABLE_MODULES = YES;
				CLANG_ENABLE_OBJC_ARC = YES;
				CLANG_ENABLE_OBJC_WEAK = YES;
				CLANG_WARN_BLOCK_CAPTURE_AUTORELEASING = YES;
				CLANG_WARN_BOOL_CONVERSION = YES;
				CLANG_WARN_COMMA = YES;
				CLANG_WARN_CONSTANT_CONVERSION = YES;
				CLANG_WARN_DEPRECATED_OBJC_IMPLEMENTATIONS = YES;
				CLANG_WARN_DIRECT_OBJC_ISA_USAGE = YES_ERROR;
				CLANG_WARN_DOCUMENTATION_COMMENTS = YES;
				CLANG_WARN_EMPTY_BODY = YES;
				CLANG_WARN_ENUM_CONVERSION = YES;
				CLANG_WARN_INFINITE_RECURSION = YES;
				CLANG_WARN_INT_CONVERSION = YES;
				CLANG_WARN_NON_LITERAL_NULL_CONVERSION = YES;
				CLANG_WARN_OBJC_IMPLICIT_RETAIN_SELF = YES;
				CLANG_WARN_OBJC_LITERAL_CONVERSION = YES;
				CLANG_WARN_OBJC_ROOT_CLASS = YES_ERROR;
				CLANG_WARN_QUOTED_INCLUDE_IN_FRAMEWORK_HEADER = YES;
				CLANG_WARN_RANGE_LOOP_ANALYSIS = YES;
				CLANG_WARN_STRICT_PROTOTYPES = YES;
				CLANG_WARN_SUSPICIOUS_MOVE = YES;
				CLANG_WARN_UNGUARDED_AVAILABILITY = YES_AGGRESSIVE;
				CLANG_WARN_UNREACHABLE_CODE = YES;
				CLANG_WARN__DUPLICATE_METHOD_MATCH = YES;
				COPY_PHASE_STRIP = NO;
				DEBUG_INFORMATION_FORMAT = dwarf;
				ENABLE_STRICT_OBJC_MSGSEND = YES;
				ENABLE_TESTABILITY = YES;
				GCC_C_LANGUAGE_STANDARD = gnu11;
				GCC_DYNAMIC_NO_PIC = NO;
				GCC_NO_COMMON_BLOCKS = YES;
				GCC_OPTIMIZATION_LEVEL = 0;
				GCC_PREPROCESSOR_DEFINITIONS = (
					"DEBUG=1",
					"$(inherited)",
				);
				GCC_WARN_64_TO_32_BIT_CONVERSION = YES;
				GCC_WARN_ABOUT_RETURN_TYPE = YES_ERROR;
				GCC_WARN_UNDECLARED_SELECTOR = YES;
				GCC_WARN_UNINITIALIZED_AUTOS = YES_AGGRESSIVE;
				GCC_WARN_UNUSED_FUNCTION = YES;
				GCC_WARN_UNUSED_VARIABLE = YES;
				IPHONEOS_DEPLOYMENT_TARGET = 16.4;
				MTL_ENABLE_DEBUG_INFO = INCLUDE_SOURCE;
				MTL_FAST_MATH = YES;
				ONLY_ACTIVE_ARCH = YES;
				SDKROOT = iphoneos;
				SWIFT_ACTIVE_COMPILATION_CONDITIONS = DEBUG;
				SWIFT_OPTIMIZATION_LEVEL = "-Onone";
			};
			name = Debug;
		};
		1C2AC34F2A09E6B0004C0777 /* Release */ = {
			isa = XCBuildConfiguration;
			buildSettings = {
				ALWAYS_SEARCH_USER_PATHS = NO;
				CLANG_ANALYZER_NONNULL = YES;
				CLANG_ANALYZER_NUMBER_OBJECT_CONVERSION = YES_AGGRESSIVE;
				CLANG_CXX_LANGUAGE_STANDARD = "gnu++20";
				CLANG_ENABLE_MODULES = YES;
				CLANG_ENABLE_OBJC_ARC = YES;
				CLANG_ENABLE_OBJC_WEAK = YES;
				CLANG_WARN_BLOCK_CAPTURE_AUTORELEASING = YES;
				CLANG_WARN_BOOL_CONVERSION = YES;
				CLANG_WARN_COMMA = YES;
				CLANG_WARN_CONSTANT_CONVERSION = YES;
				CLANG_WARN_DEPRECATED_OBJC_IMPLEMENTATIONS = YES;
				CLANG_WARN_DIRECT_OBJC_ISA_USAGE = YES_ERROR;
				CLANG_WARN_DOCUMENTATION_COMMENTS = YES;
				CLANG_WARN_EMPTY_BODY = YES;
				CLANG_WARN_ENUM_CONVERSION = YES;
				CLANG_WARN_INFINITE_RECURSION = YES;
				CLANG_WARN_INT_CONVERSION = YES;
				CLANG_WARN_NON_LITERAL_NULL_CONVERSION = YES;
				CLANG_WARN_OBJC_IMPLICIT_RETAIN_SELF = YES;
				CLANG_WARN_OBJC_LITERAL_CONVERSION = YES;
				CLANG_WARN_OBJC_ROOT_CLASS = YES_ERROR;
				CLANG_WARN_QUOTED_INCLUDE_IN_FRAMEWORK_HEADER = YES;
				CLANG_WARN_RANGE_LOOP_ANALYSIS = YES;
				CLANG_WARN_STRICT_PROTOTYPES = YES;
				CLANG_WARN_SUSPICIOUS_MOVE = YES;
				CLANG_WARN_UNGUARDED_AVAILABILITY = YES_AGGRESSIVE;
				CLANG_WARN_UNREACHABLE_CODE = YES;
				CLANG_WARN__DUPLICATE_METHOD_MATCH = YES;
				COPY_PHASE_STRIP = NO;
				DEBUG_INFORMATION_FORMAT = "dwarf-with-dsym";
				ENABLE_NS_ASSERTIONS = NO;
				ENABLE_STRICT_OBJC_MSGSEND = YES;
				GCC_C_LANGUAGE_STANDARD = gnu11;
				GCC_NO_COMMON_BLOCKS = YES;
				GCC_WARN_64_TO_32_BIT_CONVERSION = YES;
				GCC_WARN_ABOUT_RETURN_TYPE = YES_ERROR;
				GCC_WARN_UNDECLARED_SELECTOR = YES;
				GCC_WARN_UNINITIALIZED_AUTOS = YES_AGGRESSIVE;
				GCC_WARN_UNUSED_FUNCTION = YES;
				GCC_WARN_UNUSED_VARIABLE = YES;
				IPHONEOS_DEPLOYMENT_TARGET = 16.4;
				MTL_ENABLE_DEBUG_INFO = NO;
				MTL_FAST_MATH = YES;
				SDKROOT = iphoneos;
				SWIFT_COMPILATION_MODE = wholemodule;
				SWIFT_OPTIMIZATION_LEVEL = "-O";
				VALIDATE_PRODUCT = YES;
			};
			name = Release;
		};
		1C2AC3512A09E6B0004C0777 /* Debug */ = {
			isa = XCBuildConfiguration;
			buildSettings = {
				ASSETCATALOG_COMPILER_APPICON_NAME = AppIcon;
				ASSETCATALOG_COMPILER_GLOBAL_ACCENT_COLOR_NAME = AccentColor;
				CODE_SIGN_STYLE = Automatic;
				CURRENT_PROJECT_VERSION = 1;
				DEVELOPMENT_ASSET_PATHS = "\"MyGmail/Preview Content\"";
				DEVELOPMENT_TEAM = XUTQ42ZH6N;
				ENABLE_PREVIEWS = YES;
				GENERATE_INFOPLIST_FILE = YES;
				INFOPLIST_KEY_UIApplicationSceneManifest_Generation = YES;
				INFOPLIST_KEY_UIApplicationSupportsIndirectInputEvents = YES;
				INFOPLIST_KEY_UILaunchScreen_Generation = YES;
				INFOPLIST_KEY_UISupportedInterfaceOrientations_iPad = "UIInterfaceOrientationPortrait UIInterfaceOrientationPortraitUpsideDown UIInterfaceOrientationLandscapeLeft UIInterfaceOrientationLandscapeRight";
				INFOPLIST_KEY_UISupportedInterfaceOrientations_iPhone = "UIInterfaceOrientationPortrait UIInterfaceOrientationLandscapeLeft UIInterfaceOrientationLandscapeRight";
				LD_RUNPATH_SEARCH_PATHS = (
					"$(inherited)",
					"@executable_path/Frameworks",
				);
				MARKETING_VERSION = 1.0;
				PRODUCT_BUNDLE_IDENTIFIER = szhang1992.MyGmail;
				PRODUCT_NAME = "$(TARGET_NAME)";
				SWIFT_EMIT_LOC_STRINGS = YES;
				SWIFT_VERSION = 5.0;
				TARGETED_DEVICE_FAMILY = "1,2";
			};
			name = Debug;
		};
		1C2AC3522A09E6B0004C0777 /* Release */ = {
			isa = XCBuildConfiguration;
			buildSettings = {
				ASSETCATALOG_COMPILER_APPICON_NAME = AppIcon;
				ASSETCATALOG_COMPILER_GLOBAL_ACCENT_COLOR_NAME = AccentColor;
				CODE_SIGN_STYLE = Automatic;
				CURRENT_PROJECT_VERSION = 1;
				DEVELOPMENT_ASSET_PATHS = "\"MyGmail/Preview Content\"";
				DEVELOPMENT_TEAM = XUTQ42ZH6N;
				ENABLE_PREVIEWS = YES;
				GENERATE_INFOPLIST_FILE = YES;
				INFOPLIST_KEY_UIApplicationSceneManifest_Generation = YES;
				INFOPLIST_KEY_UIApplicationSupportsIndirectInputEvents = YES;
				INFOPLIST_KEY_UILaunchScreen_Generation = YES;
				INFOPLIST_KEY_UISupportedInterfaceOrientations_iPad = "UIInterfaceOrientationPortrait UIInterfaceOrientationPortraitUpsideDown UIInterfaceOrientationLandscapeLeft UIInterfaceOrientationLandscapeRight";
				INFOPLIST_KEY_UISupportedInterfaceOrientations_iPhone = "UIInterfaceOrientationPortrait UIInterfaceOrientationLandscapeLeft UIInterfaceOrientationLandscapeRight";
				LD_RUNPATH_SEARCH_PATHS = (
					"$(inherited)",
					"@executable_path/Frameworks",
				);
				MARKETING_VERSION = 1.0;
				PRODUCT_BUNDLE_IDENTIFIER = szhang1992.MyGmail;
				PRODUCT_NAME = "$(TARGET_NAME)";
				SWIFT_EMIT_LOC_STRINGS = YES;
				SWIFT_VERSION = 5.0;
				TARGETED_DEVICE_FAMILY = "1,2";
			};
			name = Release;
		};
/* End XCBuildConfiguration section */

/* Begin XCConfigurationList section */
		1C2AC33D2A09E6AD004C0777 /* Build configuration list for PBXProject "MyGmail" */ = {
			isa = XCConfigurationList;
			buildConfigurations = (
				1C2AC34E2A09E6B0004C0777 /* Debug */,
				1C2AC34F2A09E6B0004C0777 /* Release */,
			);
			defaultConfigurationIsVisible = 0;
			defaultConfigurationName = Release;
		};
		1C2AC3502A09E6B0004C0777 /* Build configuration list for PBXNativeTarget "MyGmail" */ = {
			isa = XCConfigurationList;
			buildConfigurations = (
				1C2AC3512A09E6B0004C0777 /* Debug */,
				1C2AC3522A09E6B0004C0777 /* Release */,
			);
			defaultConfigurationIsVisible = 0;
			defaultConfigurationName = Release;
		};
/* End XCConfigurationList section */
	};
	rootObject = 1C2AC33A2A09E6AD004C0777 /* Project object */;
}
